schema_type: brd_source_columns
schema_version: '1.0'
source: SCMS
table: SCMS_SHEDLOCK
brd_ref: BRD-SRC-SCMS-SCMS_SHEDLOCK
columns:
  - name: NAME
    data_type: VARCHAR2(64)
    description: "Tên của đối tượng/danh mục"
    key: PK
    fk_note: null
  - name: LOCK_UNTIL
    data_type: TIMESTAMP(3)
    description: "Cột lock_until — xem thêm tài liệu đặc tả SCMS"
    key: null
    fk_note: null
  - name: LOCKED_AT
    data_type: TIMESTAMP(3)
    description: "Cột locked_at — xem thêm tài liệu đặc tả SCMS"
    key: null
    fk_note: null
  - name: LOCKED_BY
    data_type: VARCHAR2(255)
    description: "Cột locked_by — xem thêm tài liệu đặc tả SCMS"
    key: null
    fk_note: null
