schema_type: brd_source_columns
schema_version: '1.0'
source: TTHC
table: TVRP_POLICY_AUDIT_CHAIN_LOCK
brd_ref: BRD-SRC-TTHC-TVRP_POLICY_AUDIT_CHAIN_LOCK
columns:
- name: ID
  data_type: "NUMBER(1,0)"
  description: null
  key: PK
  fk_note: null
- name: LOCKED_AT
  data_type: "TIMESTAMP(6)"
  description: null
  key: null
  fk_note: null
